{
  "name": "dev_scripts",
  "version": "1.0.0",
  "lockfileVersion": 3,
  "requires": true,
  "packages": {
    "": {
      "name": "dev_scripts",
      "version": "1.0.0",
      "license": "ISC",
      "dependencies": {
        "ptpv2": "^1.0.7"
      }
    },
    "node_modules/ptpv2": {
      "version": "1.0.7",
      "resolved": "https://registry.npmjs.org/ptpv2/-/ptpv2-1.0.7.tgz",
      "integrity": "sha512-TsdHuEwzD6jEVQmRJklmztVm53Dm6vkGLdgfj/T+Gae5305X3ztu+DGaErsIBqL2PimwJ1vCu3B9DBqXnfeU8w==",
      "license": "GPL-3.0-or-later"
    }
  }
}
